
Microsoft Visual Studio Solution File, Format Version 12.00
# Visual Studio Version 17
VisualStudioVersion = 17.10.34928.147
MinimumVisualStudioVersion = 10.0.40219.1
Project("{FAE04EC0-301F-11D3-BF4B-00C04F79EFBC}") = "ProductManagementSystem", "ProductManagementSystem\ProductManagementSystem.csproj", "{BF117F42-A13B-4748-988F-BA52A91F146C}"
EndProject
Global
	GlobalSection(SolutionConfigurationPlatforms) = preSolution
		Debug|Any CPU = Debug|Any CPU
		Release|Any CPU = Release|Any CPU
	EndGlobalSection
	GlobalSection(ProjectConfigurationPlatforms) = postSolution
		{BF117F42-A13B-4748-988F-BA52A91F146C}.Debug|Any CPU.ActiveCfg = Debug|Any CPU
		{BF117F42-A13B-4748-988F-BA52A91F146C}.Debug|Any CPU.Build.0 = Debug|Any CPU
		{BF117F42-A13B-4748-988F-BA52A91F146C}.Release|Any CPU.ActiveCfg = Release|Any CPU
		{BF117F42-A13B-4748-988F-BA52A91F146C}.Release|Any CPU.Build.0 = Release|Any CPU
	EndGlobalSection
	GlobalSection(SolutionProperties) = preSolution
		HideSolutionNode = FALSE
	EndGlobalSection
	GlobalSection(ExtensibilityGlobals) = postSolution
		SolutionGuid = {6ECC3EF8-F7D1-4F03-BD6E-D93C3C3BA10B}
	EndGlobalSection
EndGlobal
